// !$*UTF8*$!
{
	archiveVersion = 1;
	classes = {
	};
	objectVersion = 46;
	objects = {

/* Begin PBXBuildFile section */
		631109041D466CEA00D47C5D /* main.m in Sources */ = {isa = PBXBuildFile; fileRef = 631109031D466CEA00D47C5D /* main.m */; };
		631109071D466CEA00D47C5D /* AppDelegate.m in Sources */ = {isa = PBXBuildFile; fileRef = 631109061D466CEA00D47C5D /* AppDelegate.m */; };
		6311090A1D466CEA00D47C5D /* ViewController.m in Sources */ = {isa = PBXBuildFile; fileRef = 631109091D466CEA00D47C5D /* ViewController.m */; };
		6311090D1D466CEA00D47C5D /* Main.storyboard in Resources */ = {isa = PBXBuildFile; fileRef = 6311090B1D466CEA00D47C5D /* Main.storyboard */; };
		6311090F1D466CEA00D47C5D /* Assets.xcassets in Resources */ = {isa = PBXBuildFile; fileRef = 6311090E1D466CEA00D47C5D /* Assets.xcassets */; };
		631109121D466CEA00D47C5D /* LaunchScreen.storyboard in Resources */ = {isa = PBXBuildFile; fileRef = 631109101D466CEA00D47C5D /* LaunchScreen.storyboard */; };
		6311091D1D466CEA00D47C5D /* CategoryTests.m in Sources */ = {isa = PBXBuildFile; fileRef = 6311091C1D466CEA00D47C5D /* CategoryTests.m */; };
		631109281D466CEA00D47C5D /* CategoryUITests.m in Sources */ = {isa = PBXBuildFile; fileRef = 631109271D466CEA00D47C5D /* CategoryUITests.m */; };
		631109641D466D0A00D47C5D /* UIColor+Hex.m in Sources */ = {isa = PBXBuildFile; fileRef = 631109371D466D0A00D47C5D /* UIColor+Hex.m */; };
		631109651D466D0A00D47C5D /* UIImage+Fit.m in Sources */ = {isa = PBXBuildFile; fileRef = 6311093A1D466D0A00D47C5D /* UIImage+Fit.m */; };
		631109661D466D0A00D47C5D /* UIImage+circleImage.m in Sources */ = {isa = PBXBuildFile; fileRef = 6311093D1D466D0A00D47C5D /* UIImage+circleImage.m */; };
		631109671D466D0A00D47C5D /* UITextField+Placeholder.m in Sources */ = {isa = PBXBuildFile; fileRef = 631109401D466D0A00D47C5D /* UITextField+Placeholder.m */; };
		631109681D466D0A00D47C5D /* NSObject+Runtime.m in Sources */ = {isa = PBXBuildFile; fileRef = 631109431D466D0A00D47C5D /* NSObject+Runtime.m */; };
		631109691D466D0A00D47C5D /* UIImage+Antialias.m in Sources */ = {isa = PBXBuildFile; fileRef = 631109461D466D0A00D47C5D /* UIImage+Antialias.m */; };
		6311096A1D466D0A00D47C5D /* UIView+Frame.m in Sources */ = {isa = PBXBuildFile; fileRef = 631109491D466D0A00D47C5D /* UIView+Frame.m */; };
		6311096B1D466D0A00D47C5D /* Reachability.m in Sources */ = {isa = PBXBuildFile; fileRef = 6311094C1D466D0A00D47C5D /* Reachability.m */; };
		6311096C1D466D0A00D47C5D /* NSCalendar+Init.m in Sources */ = {isa = PBXBuildFile; fileRef = 6311094F1D466D0A00D47C5D /* NSCalendar+Init.m */; };
		6311096D1D466D0A00D47C5D /* NSDate+Interval.m in Sources */ = {isa = PBXBuildFile; fileRef = 631109511D466D0A00D47C5D /* NSDate+Interval.m */; };
		6311096E1D466D0A00D47C5D /* NSDate+Interval.m in Sources */ = {isa = PBXBuildFile; fileRef = 631109541D466D0A00D47C5D /* NSDate+Interval.m */; };
		6311096F1D466D0A00D47C5D /* UIImage+image.m in Sources */ = {isa = PBXBuildFile; fileRef = 631109581D466D0A00D47C5D /* UIImage+image.m */; };
		631109701D466D0A00D47C5D /* Foundation+Log.m in Sources */ = {isa = PBXBuildFile; fileRef = 6311095A1D466D0A00D47C5D /* Foundation+Log.m */; };
		631109711D466D0A00D47C5D /* NSString+Extension.m in Sources */ = {isa = PBXBuildFile; fileRef = 6311095D1D466D0A00D47C5D /* NSString+Extension.m */; };
		631109721D466D0A00D47C5D /* NSObject+Log.m in Sources */ = {isa = PBXBuildFile; fileRef = 631109601D466D0A00D47C5D /* NSObject+Log.m */; };
		631109731D466D0A00D47C5D /* Collections2String.m in Sources */ = {isa = PBXBuildFile; fileRef = 631109631D466D0A00D47C5D /* Collections2String.m */; };
		6318E36B1DD8580900A90AAA /* testBtn.m in Sources */ = {isa = PBXBuildFile; fileRef = 6318E36A1DD8580900A90AAA /* testBtn.m */; };
/* End PBXBuildFile section */

/* Begin PBXContainerItemProxy section */
		631109191D466CEA00D47C5D /* PBXContainerItemProxy */ = {
			isa = PBXContainerItemProxy;
			containerPortal = 631108F71D466CEA00D47C5D /* Project object */;
			proxyType = 1;
			remoteGlobalIDString = 631108FE1D466CEA00D47C5D;
			remoteInfo = Category;
		};
		631109241D466CEA00D47C5D /* PBXContainerItemProxy */ = {
			isa = PBXContainerItemProxy;
			containerPortal = 631108F71D466CEA00D47C5D /* Project object */;
			proxyType = 1;
			remoteGlobalIDString = 631108FE1D466CEA00D47C5D;
			remoteInfo = Category;
		};
/* End PBXContainerItemProxy section */

/* Begin PBXFileReference section */
		631108FF1D466CEA00D47C5D /* Category.app */ = {isa = PBXFileReference; explicitFileType = wrapper.application; includeInIndex = 0; path = Category.app; sourceTree = BUILT_PRODUCTS_DIR; };
		631109031D466CEA00D47C5D /* main.m */ = {isa = PBXFileReference; lastKnownFileType = sourcecode.c.objc; path = main.m; sourceTree = "<group>"; };
		631109051D466CEA00D47C5D /* AppDelegate.h */ = {isa = PBXFileReference; lastKnownFileType = sourcecode.c.h; path = AppDelegate.h; sourceTree = "<group>"; };
		631109061D466CEA00D47C5D /* AppDelegate.m */ = {isa = PBXFileReference; lastKnownFileType = sourcecode.c.objc; path = AppDelegate.m; sourceTree = "<group>"; };
		631109081D466CEA00D47C5D /* ViewController.h */ = {isa = PBXFileReference; lastKnownFileType = sourcecode.c.h; path = ViewController.h; sourceTree = "<group>"; };
		631109091D466CEA00D47C5D /* ViewController.m */ = {isa = PBXFileReference; lastKnownFileType = sourcecode.c.objc; path = ViewController.m; sourceTree = "<group>"; };
		6311090C1D466CEA00D47C5D /* Base */ = {isa = PBXFileReference; lastKnownFileType = file.storyboard; name = Base; path = Base.lproj/Main.storyboard; sourceTree = "<group>"; };
		6311090E1D466CEA00D47C5D /* Assets.xcassets */ = {isa = PBXFileReference; lastKnownFileType = folder.assetcatalog; path = Assets.xcassets; sourceTree = "<group>"; };
		631109111D466CEA00D47C5D /* Base */ = {isa = PBXFileReference; lastKnownFileType = file.storyboard; name = Base; path = Base.lproj/LaunchScreen.storyboard; sourceTree = "<group>"; };
		631109131D466CEA00D47C5D /* Info.plist */ = {isa = PBXFileReference; lastKnownFileType = text.plist.xml; path = Info.plist; sourceTree = "<group>"; };
		631109181D466CEA00D47C5D /* CategoryTests.xctest */ = {isa = PBXFileReference; explicitFileType = wrapper.cfbundle; includeInIndex = 0; path = CategoryTests.xctest; sourceTree = BUILT_PRODUCTS_DIR; };
		6311091C1D466CEA00D47C5D /* CategoryTests.m */ = {isa = PBXFileReference; lastKnownFileType = sourcecode.c.objc; path = CategoryTests.m; sourceTree = "<group>"; };
		6311091E1D466CEA00D47C5D /* Info.plist */ = {isa = PBXFileReference; lastKnownFileType = text.plist.xml; path = Info.plist; sourceTree = "<group>"; };
		631109231D466CEA00D47C5D /* CategoryUITests.xctest */ = {isa = PBXFileReference; explicitFileType = wrapper.cfbundle; includeInIndex = 0; path = CategoryUITests.xctest; sourceTree = BUILT_PRODUCTS_DIR; };
		631109271D466CEA00D47C5D /* CategoryUITests.m */ = {isa = PBXFileReference; lastKnownFileType = sourcecode.c.objc; path = CategoryUITests.m; sourceTree = "<group>"; };
		631109291D466CEA00D47C5D /* Info.plist */ = {isa = PBXFileReference; lastKnownFileType = text.plist.xml; path = Info.plist; sourceTree = "<group>"; };
		631109361D466D0A00D47C5D /* UIColor+Hex.h */ = {isa = PBXFileReference; fileEncoding = 4; lastKnownFileType = sourcecode.c.h; path = "UIColor+Hex.h"; sourceTree = "<group>"; };
		631109371D466D0A00D47C5D /* UIColor+Hex.m */ = {isa = PBXFileReference; fileEncoding = 4; lastKnownFileType = sourcecode.c.objc; path = "UIColor+Hex.m"; sourceTree = "<group>"; };
		631109391D466D0A00D47C5D /* UIImage+Fit.h */ = {isa = PBXFileReference; fileEncoding = 4; lastKnownFileType = sourcecode.c.h; path = "UIImage+Fit.h"; sourceTree = "<group>"; };
		6311093A1D466D0A00D47C5D /* UIImage+Fit.m */ = {isa = PBXFileReference; fileEncoding = 4; lastKnownFileType = sourcecode.c.objc; path = "UIImage+Fit.m"; sourceTree = "<group>"; };
		6311093C1D466D0A00D47C5D /* UIImage+circleImage.h */ = {isa = PBXFileReference; fileEncoding = 4; lastKnownFileType = sourcecode.c.h; path = "UIImage+circleImage.h"; sourceTree = "<group>"; };
		6311093D1D466D0A00D47C5D /* UIImage+circleImage.m */ = {isa = PBXFileReference; fileEncoding = 4; lastKnownFileType = sourcecode.c.objc; path = "UIImage+circleImage.m"; sourceTree = "<group>"; };
		6311093F1D466D0A00D47C5D /* UITextField+Placeholder.h */ = {isa = PBXFileReference; fileEncoding = 4; lastKnownFileType = sourcecode.c.h; path = "UITextField+Placeholder.h"; sourceTree = "<group>"; };
		631109401D466D0A00D47C5D /* UITextField+Placeholder.m */ = {isa = PBXFileReference; fileEncoding = 4; lastKnownFileType = sourcecode.c.objc; path = "UITextField+Placeholder.m"; sourceTree = "<group>"; };
		631109421D466D0A00D47C5D /* NSObject+Runtime.h */ = {isa = PBXFileReference; fileEncoding = 4; lastKnownFileType = sourcecode.c.h; path = "NSObject+Runtime.h"; sourceTree = "<group>"; };
		631109431D466D0A00D47C5D /* NSObject+Runtime.m */ = {isa = PBXFileReference; fileEncoding = 4; lastKnownFileType = sourcecode.c.objc; path = "NSObject+Runtime.m"; sourceTree = "<group>"; };
		631109451D466D0A00D47C5D /* UIImage+Antialias.h */ = {isa = PBXFileReference; fileEncoding = 4; lastKnownFileType = sourcecode.c.h; path = "UIImage+Antialias.h"; sourceTree = "<group>"; };
		631109461D466D0A00D47C5D /* UIImage+Antialias.m */ = {isa = PBXFileReference; fileEncoding = 4; lastKnownFileType = sourcecode.c.objc; path = "UIImage+Antialias.m"; sourceTree = "<group>"; };
		631109481D466D0A00D47C5D /* UIView+Frame.h */ = {isa = PBXFileReference; fileEncoding = 4; lastKnownFileType = sourcecode.c.h; path = "UIView+Frame.h"; sourceTree = "<group>"; };
		631109491D466D0A00D47C5D /* UIView+Frame.m */ = {isa = PBXFileReference; fileEncoding = 4; lastKnownFileType = sourcecode.c.objc; path = "UIView+Frame.m"; sourceTree = "<group>"; };
		6311094B1D466D0A00D47C5D /* Reachability.h */ = {isa = PBXFileReference; fileEncoding = 4; lastKnownFileType = sourcecode.c.h; path = Reachability.h; sourceTree = "<group>"; };
		6311094C1D466D0A00D47C5D /* Reachability.m */ = {isa = PBXFileReference; fileEncoding = 4; lastKnownFileType = sourcecode.c.objc; path = Reachability.m; sourceTree = "<group>"; };
		6311094E1D466D0A00D47C5D /* NSCalendar+Init.h */ = {isa = PBXFileReference; fileEncoding = 4; lastKnownFileType = sourcecode.c.h; path = "NSCalendar+Init.h"; sourceTree = "<group>"; };
		6311094F1D466D0A00D47C5D /* NSCalendar+Init.m */ = {isa = PBXFileReference; fileEncoding = 4; lastKnownFileType = sourcecode.c.objc; path = "NSCalendar+Init.m"; sourceTree = "<group>"; };
		631109501D466D0A00D47C5D /* NSDate+Interval.h */ = {isa = PBXFileReference; fileEncoding = 4; lastKnownFileType = sourcecode.c.h; path = "NSDate+Interval.h"; sourceTree = "<group>"; };
		631109511D466D0A00D47C5D /* NSDate+Interval.m */ = {isa = PBXFileReference; fileEncoding = 4; lastKnownFileType = sourcecode.c.objc; path = "NSDate+Interval.m"; sourceTree = "<group>"; };
		631109531D466D0A00D47C5D /* NSDate+Interval.h */ = {isa = PBXFileReference; fileEncoding = 4; lastKnownFileType = sourcecode.c.h; path = "NSDate+Interval.h"; sourceTree = "<group>"; };
		631109541D466D0A00D47C5D /* NSDate+Interval.m */ = {isa = PBXFileReference; fileEncoding = 4; lastKnownFileType = sourcecode.c.objc; path = "NSDate+Interval.m"; sourceTree = "<group>"; };
		631109571D466D0A00D47C5D /* UIImage+image.h */ = {isa = PBXFileReference; fileEncoding = 4; lastKnownFileType = sourcecode.c.h; path = "UIImage+image.h"; sourceTree = "<group>"; };
		631109581D466D0A00D47C5D /* UIImage+image.m */ = {isa = PBXFileReference; fileEncoding = 4; lastKnownFileType = sourcecode.c.objc; path = "UIImage+image.m"; sourceTree = "<group>"; };
		6311095A1D466D0A00D47C5D /* Foundation+Log.m */ = {isa = PBXFileReference; fileEncoding = 4; lastKnownFileType = sourcecode.c.objc; path = "Foundation+Log.m"; sourceTree = "<group>"; };
		6311095C1D466D0A00D47C5D /* NSString+Extension.h */ = {isa = PBXFileReference; fileEncoding = 4; lastKnownFileType = sourcecode.c.h; path = "NSString+Extension.h"; sourceTree = "<group>"; };
		6311095D1D466D0A00D47C5D /* NSString+Extension.m */ = {isa = PBXFileReference; fileEncoding = 4; lastKnownFileType = sourcecode.c.objc; path = "NSString+Extension.m"; sourceTree = "<group>"; };
		6311095F1D466D0A00D47C5D /* NSObject+Log.h */ = {isa = PBXFileReference; fileEncoding = 4; lastKnownFileType = sourcecode.c.h; path = "NSObject+Log.h"; sourceTree = "<group>"; };
		631109601D466D0A00D47C5D /* NSObject+Log.m */ = {isa = PBXFileReference; fileEncoding = 4; lastKnownFileType = sourcecode.c.objc; path = "NSObject+Log.m"; sourceTree = "<group>"; };
		631109621D466D0A00D47C5D /* Collections2String.h */ = {isa = PBXFileReference; fileEncoding = 4; lastKnownFileType = sourcecode.c.h; path = Collections2String.h; sourceTree = "<group>"; };
		631109631D466D0A00D47C5D /* Collections2String.m */ = {isa = PBXFileReference; fileEncoding = 4; lastKnownFileType = sourcecode.c.objc; path = Collections2String.m; sourceTree = "<group>"; };
		6318E3691DD8580900A90AAA /* testBtn.h */ = {isa = PBXFileReference; fileEncoding = 4; lastKnownFileType = sourcecode.c.h; path = testBtn.h; sourceTree = "<group>"; };
		6318E36A1DD8580900A90AAA /* testBtn.m */ = {isa = PBXFileReference; fileEncoding = 4; lastKnownFileType = sourcecode.c.objc; path = testBtn.m; sourceTree = "<group>"; };
/* End PBXFileReference section */

/* Begin PBXFrameworksBuildPhase section */
		631108FC1D466CEA00D47C5D /* Frameworks */ = {
			isa = PBXFrameworksBuildPhase;
			buildActionMask = 2147483647;
			files = (
			);
			runOnlyForDeploymentPostprocessing = 0;
		};
		631109151D466CEA00D47C5D /* Frameworks */ = {
			isa = PBXFrameworksBuildPhase;
			buildActionMask = 2147483647;
			files = (
			);
			runOnlyForDeploymentPostprocessing = 0;
		};
		631109201D466CEA00D47C5D /* Frameworks */ = {
			isa = PBXFrameworksBuildPhase;
			buildActionMask = 2147483647;
			files = (
			);
			runOnlyForDeploymentPostprocessing = 0;
		};
/* End PBXFrameworksBuildPhase section */

/* Begin PBXGroup section */
		631108F61D466CEA00D47C5D = {
			isa = PBXGroup;
			children = (
				631109011D466CEA00D47C5D /* Category */,
				6311091B1D466CEA00D47C5D /* CategoryTests */,
				631109261D466CEA00D47C5D /* CategoryUITests */,
				631109001D466CEA00D47C5D /* Products */,
			);
			sourceTree = "<group>";
		};
		631109001D466CEA00D47C5D /* Products */ = {
			isa = PBXGroup;
			children = (
				631108FF1D466CEA00D47C5D /* Category.app */,
				631109181D466CEA00D47C5D /* CategoryTests.xctest */,
				631109231D466CEA00D47C5D /* CategoryUITests.xctest */,
			);
			name = Products;
			sourceTree = "<group>";
		};
		631109011D466CEA00D47C5D /* Category */ = {
			isa = PBXGroup;
			children = (
				631109351D466D0A00D47C5D /* 处理颜色16进制格式 */,
				631109381D466D0A00D47C5D /* 代码拉伸图片 */,
				6311093B1D466D0A00D47C5D /* 返回一张圆形头像(裁剪法) */,
				6311093E1D466D0A00D47C5D /* 获取文本框的占位文字及修改文字属性 */,
				631109411D466D0A00D47C5D /* 获取一个类中的所有类方法和对象方法 */,
				631109441D466D0A00D47C5D /* 剪切获取圆形头像锯齿处理 */,
				631109471D466D0A00D47C5D /* 快速获取UIView的frame */,
				6311094A1D466D0A00D47C5D /* 苹果原生的判断网络状态的分类Reachbility */,
				6311094D1D466D0A00D47C5D /* 日期处理(计算两个时间的间隔值) */,
				631109551D466D0A00D47C5D /* 生成沙盒路径 */,
				631109561D466D0A00D47C5D /* 添加图片时不渲染 */,
				631109591D466D0A00D47C5D /* 用于控制字典和数组打印输出格式为中文(直接拖入项目中就可以了,不要做任何处理) */,
				6311095B1D466D0A00D47C5D /* 正则表达式 */,
				6311095E1D466D0A00D47C5D /* 自定义字典转模型 */,
				631109611D466D0A00D47C5D /* Collections2String */,
				631109051D466CEA00D47C5D /* AppDelegate.h */,
				631109061D466CEA00D47C5D /* AppDelegate.m */,
				631109081D466CEA00D47C5D /* ViewController.h */,
				631109091D466CEA00D47C5D /* ViewController.m */,
				6311090B1D466CEA00D47C5D /* Main.storyboard */,
				6311090E1D466CEA00D47C5D /* Assets.xcassets */,
				631109101D466CEA00D47C5D /* LaunchScreen.storyboard */,
				631109131D466CEA00D47C5D /* Info.plist */,
				631109021D466CEA00D47C5D /* Supporting Files */,
			);
			path = Category;
			sourceTree = "<group>";
		};
		631109021D466CEA00D47C5D /* Supporting Files */ = {
			isa = PBXGroup;
			children = (
				631109031D466CEA00D47C5D /* main.m */,
			);
			name = "Supporting Files";
			sourceTree = "<group>";
		};
		6311091B1D466CEA00D47C5D /* CategoryTests */ = {
			isa = PBXGroup;
			children = (
				6311091C1D466CEA00D47C5D /* CategoryTests.m */,
				6311091E1D466CEA00D47C5D /* Info.plist */,
			);
			path = CategoryTests;
			sourceTree = "<group>";
		};
		631109261D466CEA00D47C5D /* CategoryUITests */ = {
			isa = PBXGroup;
			children = (
				631109271D466CEA00D47C5D /* CategoryUITests.m */,
				631109291D466CEA00D47C5D /* Info.plist */,
			);
			path = CategoryUITests;
			sourceTree = "<group>";
		};
		631109351D466D0A00D47C5D /* 处理颜色16进制格式 */ = {
			isa = PBXGroup;
			children = (
				631109361D466D0A00D47C5D /* UIColor+Hex.h */,
				631109371D466D0A00D47C5D /* UIColor+Hex.m */,
			);
			path = "处理颜色16进制格式";
			sourceTree = "<group>";
		};
		631109381D466D0A00D47C5D /* 代码拉伸图片 */ = {
			isa = PBXGroup;
			children = (
				631109391D466D0A00D47C5D /* UIImage+Fit.h */,
				6311093A1D466D0A00D47C5D /* UIImage+Fit.m */,
			);
			path = "代码拉伸图片";
			sourceTree = "<group>";
		};
		6311093B1D466D0A00D47C5D /* 返回一张圆形头像(裁剪法) */ = {
			isa = PBXGroup;
			children = (
				6311093C1D466D0A00D47C5D /* UIImage+circleImage.h */,
				6311093D1D466D0A00D47C5D /* UIImage+circleImage.m */,
			);
			path = "返回一张圆形头像(裁剪法)";
			sourceTree = "<group>";
		};
		6311093E1D466D0A00D47C5D /* 获取文本框的占位文字及修改文字属性 */ = {
			isa = PBXGroup;
			children = (
				6311093F1D466D0A00D47C5D /* UITextField+Placeholder.h */,
				631109401D466D0A00D47C5D /* UITextField+Placeholder.m */,
			);
			path = "获取文本框的占位文字及修改文字属性";
			sourceTree = "<group>";
		};
		631109411D466D0A00D47C5D /* 获取一个类中的所有类方法和对象方法 */ = {
			isa = PBXGroup;
			children = (
				631109421D466D0A00D47C5D /* NSObject+Runtime.h */,
				631109431D466D0A00D47C5D /* NSObject+Runtime.m */,
			);
			path = "获取一个类中的所有类方法和对象方法";
			sourceTree = "<group>";
		};
		631109441D466D0A00D47C5D /* 剪切获取圆形头像锯齿处理 */ = {
			isa = PBXGroup;
			children = (
				631109451D466D0A00D47C5D /* UIImage+Antialias.h */,
				631109461D466D0A00D47C5D /* UIImage+Antialias.m */,
			);
			path = "剪切获取圆形头像锯齿处理";
			sourceTree = "<group>";
		};
		631109471D466D0A00D47C5D /* 快速获取UIView的frame */ = {
			isa = PBXGroup;
			children = (
				631109481D466D0A00D47C5D /* UIView+Frame.h */,
				631109491D466D0A00D47C5D /* UIView+Frame.m */,
			);
			path = "快速获取UIView的frame";
			sourceTree = "<group>";
		};
		6311094A1D466D0A00D47C5D /* 苹果原生的判断网络状态的分类Reachbility */ = {
			isa = PBXGroup;
			children = (
				6311094B1D466D0A00D47C5D /* Reachability.h */,
				6311094C1D466D0A00D47C5D /* Reachability.m */,
			);
			path = "苹果原生的判断网络状态的分类Reachbility";
			sourceTree = "<group>";
		};
		6311094D1D466D0A00D47C5D /* 日期处理(计算两个时间的间隔值) */ = {
			isa = PBXGroup;
			children = (
				6311094E1D466D0A00D47C5D /* NSCalendar+Init.h */,
				6311094F1D466D0A00D47C5D /* NSCalendar+Init.m */,
				631109501D466D0A00D47C5D /* NSDate+Interval.h */,
				631109511D466D0A00D47C5D /* NSDate+Interval.m */,
				631109521D466D0A00D47C5D /* 将两个分类写在一起 */,
			);
			path = "日期处理(计算两个时间的间隔值)";
			sourceTree = "<group>";
		};
		631109521D466D0A00D47C5D /* 将两个分类写在一起 */ = {
			isa = PBXGroup;
			children = (
				631109531D466D0A00D47C5D /* NSDate+Interval.h */,
				631109541D466D0A00D47C5D /* NSDate+Interval.m */,
			);
			path = "将两个分类写在一起";
			sourceTree = "<group>";
		};
		631109551D466D0A00D47C5D /* 生成沙盒路径 */ = {
			isa = PBXGroup;
			children = (
			);
			path = "生成沙盒路径";
			sourceTree = "<group>";
		};
		631109561D466D0A00D47C5D /* 添加图片时不渲染 */ = {
			isa = PBXGroup;
			children = (
				631109571D466D0A00D47C5D /* UIImage+image.h */,
				631109581D466D0A00D47C5D /* UIImage+image.m */,
			);
			path = "添加图片时不渲染";
			sourceTree = "<group>";
		};
		631109591D466D0A00D47C5D /* 用于控制字典和数组打印输出格式为中文(直接拖入项目中就可以了,不要做任何处理) */ = {
			isa = PBXGroup;
			children = (
				6311095A1D466D0A00D47C5D /* Foundation+Log.m */,
			);
			path = "用于控制字典和数组打印输出格式为中文(直接拖入项目中就可以了,不要做任何处理)";
			sourceTree = "<group>";
		};
		6311095B1D466D0A00D47C5D /* 正则表达式 */ = {
			isa = PBXGroup;
			children = (
				6311095C1D466D0A00D47C5D /* NSString+Extension.h */,
				6311095D1D466D0A00D47C5D /* NSString+Extension.m */,
			);
			path = "正则表达式";
			sourceTree = "<group>";
		};
		6311095E1D466D0A00D47C5D /* 自定义字典转模型 */ = {
			isa = PBXGroup;
			children = (
				6311095F1D466D0A00D47C5D /* NSObject+Log.h */,
				631109601D466D0A00D47C5D /* NSObject+Log.m */,
			);
			path = "自定义字典转模型";
			sourceTree = "<group>";
		};
		631109611D466D0A00D47C5D /* Collections2String */ = {
			isa = PBXGroup;
			children = (
				631109621D466D0A00D47C5D /* Collections2String.h */,
				631109631D466D0A00D47C5D /* Collections2String.m */,
				6318E3691DD8580900A90AAA /* testBtn.h */,
				6318E36A1DD8580900A90AAA /* testBtn.m */,
			);
			path = Collections2String;
			sourceTree = "<group>";
		};
/* End PBXGroup section */

/* Begin PBXNativeTarget section */
		631108FE1D466CEA00D47C5D /* Category */ = {
			isa = PBXNativeTarget;
			buildConfigurationList = 6311092C1D466CEA00D47C5D /* Build configuration list for PBXNativeTarget "Category" */;
			buildPhases = (
				631108FB1D466CEA00D47C5D /* Sources */,
				631108FC1D466CEA00D47C5D /* Frameworks */,
				631108FD1D466CEA00D47C5D /* Resources */,
			);
			buildRules = (
			);
			dependencies = (
			);
			name = Category;
			productName = Category;
			productReference = 631108FF1D466CEA00D47C5D /* Category.app */;
			productType = "com.apple.product-type.application";
		};
		631109171D466CEA00D47C5D /* CategoryTests */ = {
			isa = PBXNativeTarget;
			buildConfigurationList = 6311092F1D466CEA00D47C5D /* Build configuration list for PBXNativeTarget "CategoryTests" */;
			buildPhases = (
				631109141D466CEA00D47C5D /* Sources */,
				631109151D466CEA00D47C5D /* Frameworks */,
				631109161D466CEA00D47C5D /* Resources */,
			);
			buildRules = (
			);
			dependencies = (
				6311091A1D466CEA00D47C5D /* PBXTargetDependency */,
			);
			name = CategoryTests;
			productName = CategoryTests;
			productReference = 631109181D466CEA00D47C5D /* CategoryTests.xctest */;
			productType = "com.apple.product-type.bundle.unit-test";
		};
		631109221D466CEA00D47C5D /* CategoryUITests */ = {
			isa = PBXNativeTarget;
			buildConfigurationList = 631109321D466CEA00D47C5D /* Build configuration list for PBXNativeTarget "CategoryUITests" */;
			buildPhases = (
				6311091F1D466CEA00D47C5D /* Sources */,
				631109201D466CEA00D47C5D /* Frameworks */,
				631109211D466CEA00D47C5D /* Resources */,
			);
			buildRules = (
			);
			dependencies = (
				631109251D466CEA00D47C5D /* PBXTargetDependency */,
			);
			name = CategoryUITests;
			productName = CategoryUITests;
			productReference = 631109231D466CEA00D47C5D /* CategoryUITests.xctest */;
			productType = "com.apple.product-type.bundle.ui-testing";
		};
/* End PBXNativeTarget section */

/* Begin PBXProject section */
		631108F71D466CEA00D47C5D /* Project object */ = {
			isa = PBXProject;
			attributes = {
				LastUpgradeCheck = 0720;
				ORGANIZATIONNAME = hqc;
				TargetAttributes = {
					631108FE1D466CEA00D47C5D = {
						CreatedOnToolsVersion = 7.2;
					};
					631109171D466CEA00D47C5D = {
						CreatedOnToolsVersion = 7.2;
						TestTargetID = 631108FE1D466CEA00D47C5D;
					};
					631109221D466CEA00D47C5D = {
						CreatedOnToolsVersion = 7.2;
						TestTargetID = 631108FE1D466CEA00D47C5D;
					};
				};
			};
			buildConfigurationList = 631108FA1D466CEA00D47C5D /* Build configuration list for PBXProject "Category" */;
			compatibilityVersion = "Xcode 3.2";
			developmentRegion = English;
			hasScannedForEncodings = 0;
			knownRegions = (
				en,
				Base,
			);
			mainGroup = 631108F61D466CEA00D47C5D;
			productRefGroup = 631109001D466CEA00D47C5D /* Products */;
			projectDirPath = "";
			projectRoot = "";
			targets = (
				631108FE1D466CEA00D47C5D /* Category */,
				631109171D466CEA00D47C5D /* CategoryTests */,
				631109221D466CEA00D47C5D /* CategoryUITests */,
			);
		};
/* End PBXProject section */

/* Begin PBXResourcesBuildPhase section */
		631108FD1D466CEA00D47C5D /* Resources */ = {
			isa = PBXResourcesBuildPhase;
			buildActionMask = 2147483647;
			files = (
				631109121D466CEA00D47C5D /* LaunchScreen.storyboard in Resources */,
				6311090F1D466CEA00D47C5D /* Assets.xcassets in Resources */,
				6311090D1D466CEA00D47C5D /* Main.storyboard in Resources */,
			);
			runOnlyForDeploymentPostprocessing = 0;
		};
		631109161D466CEA00D47C5D /* Resources */ = {
			isa = PBXResourcesBuildPhase;
			buildActionMask = 2147483647;
			files = (
			);
			runOnlyForDeploymentPostprocessing = 0;
		};
		631109211D466CEA00D47C5D /* Resources */ = {
			isa = PBXResourcesBuildPhase;
			buildActionMask = 2147483647;
			files = (
			);
			runOnlyForDeploymentPostprocessing = 0;
		};
/* End PBXResourcesBuildPhase section */

/* Begin PBXSourcesBuildPhase section */
		631108FB1D466CEA00D47C5D /* Sources */ = {
			isa = PBXSourcesBuildPhase;
			buildActionMask = 2147483647;
			files = (
				631109651D466D0A00D47C5D /* UIImage+Fit.m in Sources */,
				6311090A1D466CEA00D47C5D /* ViewController.m in Sources */,
				6311096F1D466D0A00D47C5D /* UIImage+image.m in Sources */,
				631109641D466D0A00D47C5D /* UIColor+Hex.m in Sources */,
				6318E36B1DD8580900A90AAA /* testBtn.m in Sources */,
				6311096B1D466D0A00D47C5D /* Reachability.m in Sources */,
				631109661D466D0A00D47C5D /* UIImage+circleImage.m in Sources */,
				6311096E1D466D0A00D47C5D /* NSDate+Interval.m in Sources */,
				631109691D466D0A00D47C5D /* UIImage+Antialias.m in Sources */,
				6311096C1D466D0A00D47C5D /* NSCalendar+Init.m in Sources */,
				631109681D466D0A00D47C5D /* NSObject+Runtime.m in Sources */,
				631109071D466CEA00D47C5D /* AppDelegate.m in Sources */,
				631109731D466D0A00D47C5D /* Collections2String.m in Sources */,
				631109671D466D0A00D47C5D /* UITextField+Placeholder.m in Sources */,
				631109711D466D0A00D47C5D /* NSString+Extension.m in Sources */,
				6311096D1D466D0A00D47C5D /* NSDate+Interval.m in Sources */,
				631109721D466D0A00D47C5D /* NSObject+Log.m in Sources */,
				6311096A1D466D0A00D47C5D /* UIView+Frame.m in Sources */,
				631109041D466CEA00D47C5D /* main.m in Sources */,
				631109701D466D0A00D47C5D /* Foundation+Log.m in Sources */,
			);
			runOnlyForDeploymentPostprocessing = 0;
		};
		631109141D466CEA00D47C5D /* Sources */ = {
			isa = PBXSourcesBuildPhase;
			buildActionMask = 2147483647;
			files = (
				6311091D1D466CEA00D47C5D /* CategoryTests.m in Sources */,
			);
			runOnlyForDeploymentPostprocessing = 0;
		};
		6311091F1D466CEA00D47C5D /* Sources */ = {
			isa = PBXSourcesBuildPhase;
			buildActionMask = 2147483647;
			files = (
				631109281D466CEA00D47C5D /* CategoryUITests.m in Sources */,
			);
			runOnlyForDeploymentPostprocessing = 0;
		};
/* End PBXSourcesBuildPhase section */

/* Begin PBXTargetDependency section */
		6311091A1D466CEA00D47C5D /* PBXTargetDependency */ = {
			isa = PBXTargetDependency;
			target = 631108FE1D466CEA00D47C5D /* Category */;
			targetProxy = 631109191D466CEA00D47C5D /* PBXContainerItemProxy */;
		};
		631109251D466CEA00D47C5D /* PBXTargetDependency */ = {
			isa = PBXTargetDependency;
			target = 631108FE1D466CEA00D47C5D /* Category */;
			targetProxy = 631109241D466CEA00D47C5D /* PBXContainerItemProxy */;
		};
/* End PBXTargetDependency section */

/* Begin PBXVariantGroup section */
		6311090B1D466CEA00D47C5D /* Main.storyboard */ = {
			isa = PBXVariantGroup;
			children = (
				6311090C1D466CEA00D47C5D /* Base */,
			);
			name = Main.storyboard;
			sourceTree = "<group>";
		};
		631109101D466CEA00D47C5D /* LaunchScreen.storyboard */ = {
			isa = PBXVariantGroup;
			children = (
				631109111D466CEA00D47C5D /* Base */,
			);
			name = LaunchScreen.storyboard;
			sourceTree = "<group>";
		};
/* End PBXVariantGroup section */

/* Begin XCBuildConfiguration section */
		6311092A1D466CEA00D47C5D /* Debug */ = {
			isa = XCBuildConfiguration;
			buildSettings = {
				ALWAYS_SEARCH_USER_PATHS = NO;
				CLANG_CXX_LANGUAGE_STANDARD = "gnu++0x";
				CLANG_CXX_LIBRARY = "libc++";
				CLANG_ENABLE_MODULES = YES;
				CLANG_ENABLE_OBJC_ARC = YES;
				CLANG_WARN_BOOL_CONVERSION = YES;
				CLANG_WARN_CONSTANT_CONVERSION = YES;
				CLANG_WARN_DIRECT_OBJC_ISA_USAGE = YES_ERROR;
				CLANG_WARN_EMPTY_BODY = YES;
				CLANG_WARN_ENUM_CONVERSION = YES;
				CLANG_WARN_INT_CONVERSION = YES;
				CLANG_WARN_OBJC_ROOT_CLASS = YES_ERROR;
				CLANG_WARN_UNREACHABLE_CODE = YES;
				CLANG_WARN__DUPLICATE_METHOD_MATCH = YES;
				"CODE_SIGN_IDENTITY[sdk=iphoneos*]" = "iPhone Developer";
				COPY_PHASE_STRIP = NO;
				DEBUG_INFORMATION_FORMAT = dwarf;
				ENABLE_STRICT_OBJC_MSGSEND = YES;
				ENABLE_TESTABILITY = YES;
				GCC_C_LANGUAGE_STANDARD = gnu99;
				GCC_DYNAMIC_NO_PIC = NO;
				GCC_NO_COMMON_BLOCKS = YES;
				GCC_OPTIMIZATION_LEVEL = 0;
				GCC_PREPROCESSOR_DEFINITIONS = (
					"DEBUG=1",
					"$(inherited)",
				);
				GCC_WARN_64_TO_32_BIT_CONVERSION = YES;
				GCC_WARN_ABOUT_RETURN_TYPE = YES_ERROR;
				GCC_WARN_UNDECLARED_SELECTOR = YES;
				GCC_WARN_UNINITIALIZED_AUTOS = YES_AGGRESSIVE;
				GCC_WARN_UNUSED_FUNCTION = YES;
				GCC_WARN_UNUSED_VARIABLE = YES;
				IPHONEOS_DEPLOYMENT_TARGET = 9.2;
				MTL_ENABLE_DEBUG_INFO = YES;
				ONLY_ACTIVE_ARCH = YES;
				SDKROOT = iphoneos;
				TARGETED_DEVICE_FAMILY = "1,2";
			};
			name = Debug;
		};
		6311092B1D466CEA00D47C5D /* Release */ = {
			isa = XCBuildConfiguration;
			buildSettings = {
				ALWAYS_SEARCH_USER_PATHS = NO;
				CLANG_CXX_LANGUAGE_STANDARD = "gnu++0x";
				CLANG_CXX_LIBRARY = "libc++";
				CLANG_ENABLE_MODULES = YES;
				CLANG_ENABLE_OBJC_ARC = YES;
				CLANG_WARN_BOOL_CONVERSION = YES;
				CLANG_WARN_CONSTANT_CONVERSION = YES;
				CLANG_WARN_DIRECT_OBJC_ISA_USAGE = YES_ERROR;
				CLANG_WARN_EMPTY_BODY = YES;
				CLANG_WARN_ENUM_CONVERSION = YES;
				CLANG_WARN_INT_CONVERSION = YES;
				CLANG_WARN_OBJC_ROOT_CLASS = YES_ERROR;
				CLANG_WARN_UNREACHABLE_CODE = YES;
				CLANG_WARN__DUPLICATE_METHOD_MATCH = YES;
				"CODE_SIGN_IDENTITY[sdk=iphoneos*]" = "iPhone Developer";
				COPY_PHASE_STRIP = NO;
				DEBUG_INFORMATION_FORMAT = "dwarf-with-dsym";
				ENABLE_NS_ASSERTIONS = NO;
				ENABLE_STRICT_OBJC_MSGSEND = YES;
				GCC_C_LANGUAGE_STANDARD = gnu99;
				GCC_NO_COMMON_BLOCKS = YES;
				GCC_WARN_64_TO_32_BIT_CONVERSION = YES;
				GCC_WARN_ABOUT_RETURN_TYPE = YES_ERROR;
				GCC_WARN_UNDECLARED_SELECTOR = YES;
				GCC_WARN_UNINITIALIZED_AUTOS = YES_AGGRESSIVE;
				GCC_WARN_UNUSED_FUNCTION = YES;
				GCC_WARN_UNUSED_VARIABLE = YES;
				IPHONEOS_DEPLOYMENT_TARGET = 9.2;
				MTL_ENABLE_DEBUG_INFO = NO;
				SDKROOT = iphoneos;
				TARGETED_DEVICE_FAMILY = "1,2";
				VALIDATE_PRODUCT = YES;
			};
			name = Release;
		};
		6311092D1D466CEA00D47C5D /* Debug */ = {
			isa = XCBuildConfiguration;
			buildSettings = {
				ASSETCATALOG_COMPILER_APPICON_NAME = AppIcon;
				INFOPLIST_FILE = Category/Info.plist;
				LD_RUNPATH_SEARCH_PATHS = "$(inherited) @executable_path/Frameworks";
				PRODUCT_BUNDLE_IDENTIFIER = "-20hqc.com.Category";
				PRODUCT_NAME = "$(TARGET_NAME)";
			};
			name = Debug;
		};
		6311092E1D466CEA00D47C5D /* Release */ = {
			isa = XCBuildConfiguration;
			buildSettings = {
				ASSETCATALOG_COMPILER_APPICON_NAME = AppIcon;
				INFOPLIST_FILE = Category/Info.plist;
				LD_RUNPATH_SEARCH_PATHS = "$(inherited) @executable_path/Frameworks";
				PRODUCT_BUNDLE_IDENTIFIER = "-20hqc.com.Category";
				PRODUCT_NAME = "$(TARGET_NAME)";
			};
			name = Release;
		};
		631109301D466CEA00D47C5D /* Debug */ = {
			isa = XCBuildConfiguration;
			buildSettings = {
				BUNDLE_LOADER = "$(TEST_HOST)";
				INFOPLIST_FILE = CategoryTests/Info.plist;
				LD_RUNPATH_SEARCH_PATHS = "$(inherited) @executable_path/Frameworks @loader_path/Frameworks";
				PRODUCT_BUNDLE_IDENTIFIER = "-20hqc.com.CategoryTests";
				PRODUCT_NAME = "$(TARGET_NAME)";
				TEST_HOST = "$(BUILT_PRODUCTS_DIR)/Category.app/Category";
			};
			name = Debug;
		};
		631109311D466CEA00D47C5D /* Release */ = {
			isa = XCBuildConfiguration;
			buildSettings = {
				BUNDLE_LOADER = "$(TEST_HOST)";
				INFOPLIST_FILE = CategoryTests/Info.plist;
				LD_RUNPATH_SEARCH_PATHS = "$(inherited) @executable_path/Frameworks @loader_path/Frameworks";
				PRODUCT_BUNDLE_IDENTIFIER = "-20hqc.com.CategoryTests";
				PRODUCT_NAME = "$(TARGET_NAME)";
				TEST_HOST = "$(BUILT_PRODUCTS_DIR)/Category.app/Category";
			};
			name = Release;
		};
		631109331D466CEA00D47C5D /* Debug */ = {
			isa = XCBuildConfiguration;
			buildSettings = {
				INFOPLIST_FILE = CategoryUITests/Info.plist;
				LD_RUNPATH_SEARCH_PATHS = "$(inherited) @executable_path/Frameworks @loader_path/Frameworks";
				PRODUCT_BUNDLE_IDENTIFIER = "-20hqc.com.CategoryUITests";
				PRODUCT_NAME = "$(TARGET_NAME)";
				TEST_TARGET_NAME = Category;
				USES_XCTRUNNER = YES;
			};
			name = Debug;
		};
		631109341D466CEA00D47C5D /* Release */ = {
			isa = XCBuildConfiguration;
			buildSettings = {
				INFOPLIST_FILE = CategoryUITests/Info.plist;
				LD_RUNPATH_SEARCH_PATHS = "$(inherited) @executable_path/Frameworks @loader_path/Frameworks";
				PRODUCT_BUNDLE_IDENTIFIER = "-20hqc.com.CategoryUITests";
				PRODUCT_NAME = "$(TARGET_NAME)";
				TEST_TARGET_NAME = Category;
				USES_XCTRUNNER = YES;
			};
			name = Release;
		};
/* End XCBuildConfiguration section */

/* Begin XCConfigurationList section */
		631108FA1D466CEA00D47C5D /* Build configuration list for PBXProject "Category" */ = {
			isa = XCConfigurationList;
			buildConfigurations = (
				6311092A1D466CEA00D47C5D /* Debug */,
				6311092B1D466CEA00D47C5D /* Release */,
			);
			defaultConfigurationIsVisible = 0;
			defaultConfigurationName = Release;
		};
		6311092C1D466CEA00D47C5D /* Build configuration list for PBXNativeTarget "Category" */ = {
			isa = XCConfigurationList;
			buildConfigurations = (
				6311092D1D466CEA00D47C5D /* Debug */,
				6311092E1D466CEA00D47C5D /* Release */,
			);
			defaultConfigurationIsVisible = 0;
			defaultConfigurationName = Release;
		};
		6311092F1D466CEA00D47C5D /* Build configuration list for PBXNativeTarget "CategoryTests" */ = {
			isa = XCConfigurationList;
			buildConfigurations = (
				631109301D466CEA00D47C5D /* Debug */,
				631109311D466CEA00D47C5D /* Release */,
			);
			defaultConfigurationIsVisible = 0;
			defaultConfigurationName = Release;
		};
		631109321D466CEA00D47C5D /* Build configuration list for PBXNativeTarget "CategoryUITests" */ = {
			isa = XCConfigurationList;
			buildConfigurations = (
				631109331D466CEA00D47C5D /* Debug */,
				631109341D466CEA00D47C5D /* Release */,
			);
			defaultConfigurationIsVisible = 0;
			defaultConfigurationName = Release;
		};
/* End XCConfigurationList section */
	};
	rootObject = 631108F71D466CEA00D47C5D /* Project object */;
}
